
Microsoft Visual Studio Solution File, Format Version 12.00
# Visual Studio Version 16
VisualStudioVersion = 16.0.31624.102
MinimumVisualStudioVersion = 10.0.40219.1
Project("{9A19103F-16F7-4668-BE54-9A1E7A4F7556}") = "CaculateTotalClothes", "CaculateTotalClothes\CaculateTotalClothes.csproj", "{47CEDDD0-5F90-4485-912B-EEF21908B5B5}"
EndProject
Global
	GlobalSection(SolutionConfigurationPlatforms) = preSolution
		Debug|Any CPU = Debug|Any CPU
		Release|Any CPU = Release|Any CPU
	EndGlobalSection
	GlobalSection(ProjectConfigurationPlatforms) = postSolution
		{47CEDDD0-5F90-4485-912B-EEF21908B5B5}.Debug|Any CPU.ActiveCfg = Debug|Any CPU
		{47CEDDD0-5F90-4485-912B-EEF21908B5B5}.Debug|Any CPU.Build.0 = Debug|Any CPU
		{47CEDDD0-5F90-4485-912B-EEF21908B5B5}.Release|Any CPU.ActiveCfg = Release|Any CPU
		{47CEDDD0-5F90-4485-912B-EEF21908B5B5}.Release|Any CPU.Build.0 = Release|Any CPU
	EndGlobalSection
	GlobalSection(SolutionProperties) = preSolution
		HideSolutionNode = FALSE
	EndGlobalSection
	GlobalSection(ExtensibilityGlobals) = postSolution
		SolutionGuid = {F38775D1-C327-465D-B14D-E78032A0B6A7}
	EndGlobalSection
EndGlobal
